
Microsoft Visual Studio Solution File, Format Version 12.00
# Visual Studio 2013
VisualStudioVersion = 12.0.30110.0
MinimumVisualStudioVersion = 10.0.40219.1
Project("{8BC9CEB8-8B4A-11D0-8D11-00A0C91BC942}") = "gtl_test_bitset", "gtl_test_bitset.vcxproj", "{B65B5907-7DD4-47E4-83DB-5C9ED6472F04}"
EndProject
Global
	GlobalSection(SolutionConfigurationPlatforms) = preSolution
		Debug|Win32 = Debug|Win32
		Release|Win32 = Release|Win32
	EndGlobalSection
	GlobalSection(ProjectConfigurationPlatforms) = postSolution
		{B65B5907-7DD4-47E4-83DB-5C9ED6472F04}.Debug|Win32.ActiveCfg = Debug|Win32
		{B65B5907-7DD4-47E4-83DB-5C9ED6472F04}.Debug|Win32.Build.0 = Debug|Win32
		{B65B5907-7DD4-47E4-83DB-5C9ED6472F04}.Release|Win32.ActiveCfg = Release|Win32
		{B65B5907-7DD4-47E4-83DB-5C9ED6472F04}.Release|Win32.Build.0 = Release|Win32
	EndGlobalSection
	GlobalSection(SolutionProperties) = preSolution
		HideSolutionNode = FALSE
	EndGlobalSection
EndGlobal
