<?xml version="1.0" encoding="UTF-8" standalone="yes" ?>
<CodeBlocks_project_file>
	<FileVersion major="1" minor="6" />
	<Project>
		<Option title="Core" />
		<Option pch_mode="2" />
		<Option compiler="clang" />
		<Build>
			<Target title="Debug">
				<Option output="bin/Debug/Core" prefix_auto="1" extension_auto="1" />
				<Option object_output="obj/Debug/" />
				<Option type="3" />
				<Option compiler="gcc" />
				<Option createDefFile="1" />
				<Option createStaticLib="1" />
				<Compiler>
					<Add option="-std=c++11" />
					<Add option="-g" />
					<Add option="-fpermissive" />
					<Add option="-DCORE_EXPORTS" />
					<Add directory="../inc" />
				</Compiler>
				<Linker>
					<Add library="user32" />
				</Linker>
			</Target>
			<Target title="Release">
				<Option output="bin/Release/Core" prefix_auto="1" extension_auto="1" />
				<Option object_output="obj/Release/" />
				<Option type="3" />
				<Option compiler="gcc" />
				<Option createDefFile="1" />
				<Option createStaticLib="1" />
				<Compiler>
					<Add option="-O2" />
					<Add option="-std=c++11" />
					<Add option="-Weverything" />
					<Add option="-DCORE_EXPORTS" />
					<Add directory="../inc" />
				</Compiler>
				<Linker>
					<Add option="-s" />
					<Add library="user32" />
				</Linker>
			</Target>
		</Build>
		<Unit filename="../inc/bitset.h" />
		<Unit filename="../inc/buffer.h" />
		<Unit filename="../inc/bufferstream.h" />
		<Unit filename="../inc/builder.h" />
		<Unit filename="../inc/builders.h" />
		<Unit filename="../inc/color.h" />
		<Unit filename="../inc/coloredvertex3d.h" />
		<Unit filename="../inc/coloredvertex3f.h" />
		<Unit filename="../inc/config.h" />
		<Unit filename="../inc/config_env.h" />
		<Unit filename="../inc/config_linux.h" />
		<Unit filename="../inc/config_macxos.h" />
		<Unit filename="../inc/config_windows.h" />
		<Unit filename="../inc/connector.h" />
		<Unit filename="../inc/console.h" />
		<Unit filename="../inc/csl.h" />
		<Unit filename="../inc/csv.h" />
		<Unit filename="../inc/describablebuffer.h" />
		<Unit filename="../inc/envelope2d.h" />
		<Unit filename="../inc/envelope3d.h" />
		<Unit filename="../inc/error.h" />
		<Unit filename="../inc/factory.h" />
		<Unit filename="../inc/feature.h" />
		<Unit filename="../inc/fielddefinition.h" />
		<Unit filename="../inc/frustum.h" />
		<Unit filename="../inc/geometry.h" />
		<Unit filename="../inc/geometry2d.h" />
		<Unit filename="../inc/geometry3d.h" />
		<Unit filename="../inc/globalfuns.h" />
		<Unit filename="../inc/identifier.h" />
		<Unit filename="../inc/image.h" />
		<Unit filename="../inc/indexbuffer.h" />
		<Unit filename="../inc/lock.h" />
		<Unit filename="../inc/material.h" />
		<Unit filename="../inc/mathex.h" />
		<Unit filename="../inc/matrix.h" />
		<Unit filename="../inc/matrix3x3.h" />
		<Unit filename="../inc/matrix4x4.h" />
		<Unit filename="../inc/mesh.h" />
		<Unit filename="../inc/meshbuilder.h" />
		<Unit filename="../inc/meshproxy.h" />
		<Unit filename="../inc/property.h" />
		<Unit filename="../inc/proxy.h" />
		<Unit filename="../inc/quaternion.h" />
		<Unit filename="../inc/ray.h" />
		<Unit filename="../inc/render.h" />
		<Unit filename="../inc/selector.h" />
		<Unit filename="../inc/shadedvertex3d.h" />
		<Unit filename="../inc/shadedvertex3f.h" />
		<Unit filename="../inc/sharedmodel.h" />
		<Unit filename="../inc/spatialreference.h" />
		<Unit filename="../inc/sphere3d.h" />
		<Unit filename="../inc/sqlite3.h" />
		<Unit filename="../inc/sqlite3ext.h" />
		<Unit filename="../inc/srsapi.h" />
		<Unit filename="../inc/srsnode.h" />
		<Unit filename="../inc/temporaryset.h" />
		<Unit filename="../inc/terrain.h" />
		<Unit filename="../inc/terrainbuilder.h" />
		<Unit filename="../inc/terrainproxy.h" />
		<Unit filename="../inc/texture.h" />
		<Unit filename="../inc/texturedvertex3d.h" />
		<Unit filename="../inc/texturedvertex3f.h" />
		<Unit filename="../inc/topology.h" />
		<Unit filename="../inc/tritool.h" />
		<Unit filename="../inc/value.h" />
		<Unit filename="../inc/valutils.h" />
		<Unit filename="../inc/versatilevertex3d.h" />
		<Unit filename="../inc/versatilevertex3f.h" />
		<Unit filename="../inc/vertex2d.h" />
		<Unit filename="../inc/vertex2f.h" />
		<Unit filename="../inc/vertex3d.h" />
		<Unit filename="../inc/vertex3f.h" />
		<Unit filename="../inc/vertex4d.h" />
		<Unit filename="../inc/vertexbuffer.h" />
		<Unit filename="../inc/vertexcollection2d.h" />
		<Unit filename="../inc/vertexvisitor.h" />
		<Unit filename="../src/attribute/bitset.cpp" />
		<Unit filename="../src/attribute/buffer.cpp" />
		<Unit filename="../src/attribute/csvfile.cpp" />
		<Unit filename="../src/attribute/fielddefinition.cpp" />
		<Unit filename="../src/attribute/identifier.cpp" />
		<Unit filename="../src/attribute/indexbuffer.cpp" />
		<Unit filename="../src/attribute/property.cpp" />
		<Unit filename="../src/attribute/sqlite3.c">
			<Option compilerVar="CC" />
		</Unit>
		<Unit filename="../src/attribute/value.cpp" />
		<Unit filename="../src/attribute/valutils.cpp" />
		<Unit filename="../src/config/config.cpp" />
		<Unit filename="../src/config/config_env.cpp" />
		<Unit filename="../src/config/config_srs.cpp" />
		<Unit filename="../src/config/console.cpp" />
		<Unit filename="../src/config/lock.cpp" />
		<Unit filename="../src/csl/csl.cpp" />
		<Unit filename="../src/csl/cslencoding.cpp" />
		<Unit filename="../src/csl/cslencodingconv.cpp" />
		<Unit filename="../src/csl/cslencodingstub.cpp" />
		<Unit filename="../src/csl/cslstring.cpp" />
		<Unit filename="../src/csl/cslstringlist.cpp" />
		<Unit filename="../src/csl/cslstringmap.cpp" />
		<Unit filename="../src/csl/cslstringprinter.cpp" />
		<Unit filename="../src/csl/error.cpp" />
		<Unit filename="../src/factory/factory.cpp" />
		<Unit filename="../src/feature/feature.cpp" />
		<Unit filename="../src/feature/featureclass.cpp" />
		<Unit filename="../src/feature/featureclassimpl.cpp" />
		<Unit filename="../src/feature/featureimpl.cpp" />
		<Unit filename="../src/feature/featureset.cpp" />
		<Unit filename="../src/feature/featuresetimpl.cpp" />
		<Unit filename="../src/feature/internal_featureclassimpl.h" />
		<Unit filename="../src/feature/internal_featureimpl.h" />
		<Unit filename="../src/feature/internal_featuresetimpl.h" />
		<Unit filename="../src/feature/internal_layerimpl.h" />
		<Unit filename="../src/feature/internal_projectimpl.h" />
		<Unit filename="../src/feature/internal_workspaceimpl.h" />
		<Unit filename="../src/feature/layer.cpp" />
		<Unit filename="../src/feature/layerimpl.cpp" />
		<Unit filename="../src/feature/project.cpp" />
		<Unit filename="../src/feature/projectimpl.cpp" />
		<Unit filename="../src/feature/selector.cpp" />
		<Unit filename="../src/feature/temporaryset.cpp" />
		<Unit filename="../src/feature/workspace.cpp" />
		<Unit filename="../src/feature/workspaceimpl.cpp" />
		<Unit filename="../src/geometry/aabboximpl.cpp" />
		<Unit filename="../src/geometry/annotation3dimpl.cpp" />
		<Unit filename="../src/geometry/block.cpp" />
		<Unit filename="../src/geometry/cell.cpp" />
		<Unit filename="../src/geometry/color.cpp" />
		<Unit filename="../src/geometry/colortable.cpp" />
		<Unit filename="../src/geometry/complexmaterialimpl.cpp" />
		<Unit filename="../src/geometry/cube3dimpl.cpp" />
		<Unit filename="../src/geometry/curve3dimpl.cpp" />
		<Unit filename="../src/geometry/delaunayimpl.cpp" />
		<Unit filename="../src/geometry/demblock.cpp" />
		<Unit filename="../src/geometry/demdatainfo.cpp" />
		<Unit filename="../src/geometry/demdbinfo.cpp" />
		<Unit filename="../src/geometry/demgrid.cpp" />
		<Unit filename="../src/geometry/demgridimpl.cpp" />
		<Unit filename="../src/geometry/deminfo.cpp" />
		<Unit filename="../src/geometry/demlayerinfo.cpp" />
		<Unit filename="../src/geometry/describablebuffer.cpp" />
		<Unit filename="../src/geometry/domblock.cpp" />
		<Unit filename="../src/geometry/domdatainfo.cpp" />
		<Unit filename="../src/geometry/domdbinfo.cpp" />
		<Unit filename="../src/geometry/domgrid.cpp" />
		<Unit filename="../src/geometry/domgridimpl.cpp" />
		<Unit filename="../src/geometry/dominfo.cpp" />
		<Unit filename="../src/geometry/domlayerinfo.cpp" />
		<Unit filename="../src/geometry/eclipsemeshimpl.cpp" />
		<Unit filename="../src/geometry/eclipsemeshreader.cpp" />
		<Unit filename="../src/geometry/envelope2d.cpp" />
		<Unit filename="../src/geometry/envelope3d.cpp" />
		<Unit filename="../src/geometry/frustum.cpp" />
		<Unit filename="../src/geometry/frustumimpl.cpp" />
		<Unit filename="../src/geometry/geometry.cpp" />
		<Unit filename="../src/geometry/geometry2d.cpp" />
		<Unit filename="../src/geometry/geometry3dimpl.cpp" />
		<Unit filename="../src/geometry/geometryfactory.cpp" />
		<Unit filename="../src/geometry/geometryimpl.cpp" />
		<Unit filename="../src/geometry/group3dimpl.cpp" />
		<Unit filename="../src/geometry/internal_aabboximpl.h" />
		<Unit filename="../src/geometry/internal_annotation3dimpl.h" />
		<Unit filename="../src/geometry/internal_complexmaterialimpl.h" />
		<Unit filename="../src/geometry/internal_cube3dimpl.h" />
		<Unit filename="../src/geometry/internal_curve3dimpl.h" />
		<Unit filename="../src/geometry/internal_delaunayimpl.h" />
		<Unit filename="../src/geometry/internal_demgridimpl.h" />
		<Unit filename="../src/geometry/internal_domgridimpl.h" />
		<Unit filename="../src/geometry/internal_eclipsemeshimpl.h" />
		<Unit filename="../src/geometry/internal_eclipsemeshreader.h" />
		<Unit filename="../src/geometry/internal_frustumimpl.h" />
		<Unit filename="../src/geometry/internal_geometry3dimpl.h" />
		<Unit filename="../src/geometry/internal_geometryimpl.h" />
		<Unit filename="../src/geometry/internal_group3dimpl.h" />
		<Unit filename="../src/geometry/internal_linearring3dimpl.h" />
		<Unit filename="../src/geometry/internal_linestring3dimpl.h" />
		<Unit filename="../src/geometry/internal_loadinfoimpl.h" />
		<Unit filename="../src/geometry/internal_materialimpl.h" />
		<Unit filename="../src/geometry/internal_multipoint3dimpl.h" />
		<Unit filename="../src/geometry/internal_multipolygon3dimpl.h" />
		<Unit filename="../src/geometry/internal_multipolyline3dimpl.h" />
		<Unit filename="../src/geometry/internal_multisolid3dimpl.h" />
		<Unit filename="../src/geometry/internal_obboximpl.h" />
		<Unit filename="../src/geometry/internal_parameterizedcurve3dimpl.h" />
		<Unit filename="../src/geometry/internal_parameterizedsurface3dimpl.h" />
		<Unit filename="../src/geometry/internal_point3dimpl.h" />
		<Unit filename="../src/geometry/internal_polygon3dimpl.h" />
		<Unit filename="../src/geometry/internal_prism3dimpl.h" />
		<Unit filename="../src/geometry/internal_rayimpl.h" />
		<Unit filename="../src/geometry/internal_rectangle3dimpl.h" />
		<Unit filename="../src/geometry/internal_reference3dimpl.h" />
		<Unit filename="../src/geometry/internal_semanticactiontopoinfoimpl.h" />
		<Unit filename="../src/geometry/internal_semanticgeometrytopoinfoimpl.h" />
		<Unit filename="../src/geometry/internal_shadedvertex3dvisitorimpl.h" />
		<Unit filename="../src/geometry/internal_shadedvertex3fvisitorimpl.h" />
		<Unit filename="../src/geometry/internal_sharedmodelimpl.h" />
		<Unit filename="../src/geometry/internal_simplematerialimpl.h" />
		<Unit filename="../src/geometry/internal_singlepoint3dimpl.h" />
		<Unit filename="../src/geometry/internal_solid3dimpl.h" />
		<Unit filename="../src/geometry/internal_spatialfuns.h" />
		<Unit filename="../src/geometry/internal_surface3dimpl.h" />
		<Unit filename="../src/geometry/internal_tetrahedron3dimpl.h" />
		<Unit filename="../src/geometry/internal_texturedvertex3dvisitorimpl.h" />
		<Unit filename="../src/geometry/internal_texturedvertex3fvisitorimpl.h" />
		<Unit filename="../src/geometry/internal_textureimpl.h" />
		<Unit filename="../src/geometry/internal_topoinfoimpl.h" />
		<Unit filename="../src/geometry/internal_topoitemimpl.h" />
		<Unit filename="../src/geometry/internal_triangle3dimpl.h" />
		<Unit filename="../src/geometry/internal_trianglemesh3dimpl.h" />
		<Unit filename="../src/geometry/internal_versatilevertex3dvisitorimpl.h" />
		<Unit filename="../src/geometry/internal_versatilevertex3fvisitorimpl.h" />
		<Unit filename="../src/geometry/internal_vertex3dvisitorimpl.h" />
		<Unit filename="../src/geometry/internal_vertex3fvisitorimpl.h" />
		<Unit filename="../src/geometry/internal_volume3dimpl.h" />
		<Unit filename="../src/geometry/internal_voxel3dimpl.h" />
		<Unit filename="../src/geometry/linearring3dimpl.cpp" />
		<Unit filename="../src/geometry/linestring3dimpl.cpp" />
		<Unit filename="../src/geometry/lodinfo.cpp" />
		<Unit filename="../src/geometry/lodinfoimpl.cpp" />
		<Unit filename="../src/geometry/material.cpp" />
		<Unit filename="../src/geometry/materialimpl.cpp" />
		<Unit filename="../src/geometry/mesh.cpp" />
		<Unit filename="../src/geometry/multipoint3dimpl.cpp" />
		<Unit filename="../src/geometry/multipolygon3dimpl.cpp" />
		<Unit filename="../src/geometry/multipolyline3dimpl.cpp" />
		<Unit filename="../src/geometry/multisolid3dimpl.cpp" />
		<Unit filename="../src/geometry/obboximpl.cpp" />
		<Unit filename="../src/geometry/parameterizedcurve3dimpl.cpp" />
		<Unit filename="../src/geometry/parameterizedsurface3dimpl.cpp" />
		<Unit filename="../src/geometry/point3dimpl.cpp" />
		<Unit filename="../src/geometry/polygon3dimpl.cpp" />
		<Unit filename="../src/geometry/prism3dimpl.cpp" />
		<Unit filename="../src/geometry/ray.cpp" />
		<Unit filename="../src/geometry/rayimpl.cpp" />
		<Unit filename="../src/geometry/rectangle3dimpl.cpp" />
		<Unit filename="../src/geometry/reference3dimpl.cpp" />
		<Unit filename="../src/geometry/semanticactiontopoinfoimpl.cpp" />
		<Unit filename="../src/geometry/semanticgeometrytopoinfoimpl.cpp" />
		<Unit filename="../src/geometry/shadedvertex3dvisitorimpl.cpp" />
		<Unit filename="../src/geometry/shadedvertex3fvisitorimpl.cpp" />
		<Unit filename="../src/geometry/sharedmodel.cpp" />
		<Unit filename="../src/geometry/sharedmodelimpl.cpp" />
		<Unit filename="../src/geometry/simplematerialimpl.cpp" />
		<Unit filename="../src/geometry/singlepoint3dimpl.cpp" />
		<Unit filename="../src/geometry/solid3dimpl.cpp" />
		<Unit filename="../src/geometry/sourcedatainfo.cpp" />
		<Unit filename="../src/geometry/spatialfuns.cpp" />
		<Unit filename="../src/geometry/sphere3d.cpp" />
		<Unit filename="../src/geometry/surface3dimpl.cpp" />
		<Unit filename="../src/geometry/terrain.cpp" />
		<Unit filename="../src/geometry/tetrahedron3dimpl.cpp" />
		<Unit filename="../src/geometry/texture.cpp" />
		<Unit filename="../src/geometry/texturedvertex3dvisitorimpl.cpp" />
		<Unit filename="../src/geometry/texturedvertex3fvisitorimpl.cpp" />
		<Unit filename="../src/geometry/textureimpl.cpp" />
		<Unit filename="../src/geometry/topoinfo.cpp" />
		<Unit filename="../src/geometry/topoinfoimpl.cpp" />
		<Unit filename="../src/geometry/topoitem.cpp" />
		<Unit filename="../src/geometry/topoitemimpl.cpp" />
		<Unit filename="../src/geometry/topology.cpp" />
		<Unit filename="../src/geometry/triangle3dimpl.cpp" />
		<Unit filename="../src/geometry/trianglemesh3dimpl.cpp" />
		<Unit filename="../src/geometry/tritool.cpp" />
		<Unit filename="../src/geometry/versatilevertex3dvisitorimpl.cpp" />
		<Unit filename="../src/geometry/versatilevertex3fvisitorimpl.cpp" />
		<Unit filename="../src/geometry/vertex2d.cpp" />
		<Unit filename="../src/geometry/vertex2f.cpp" />
		<Unit filename="../src/geometry/vertex3d.cpp" />
		<Unit filename="../src/geometry/vertex3dvisitorimpl.cpp" />
		<Unit filename="../src/geometry/vertex3f.cpp" />
		<Unit filename="../src/geometry/vertex3fvisitorimpl.cpp" />
		<Unit filename="../src/geometry/vertexbuffer.cpp" />
		<Unit filename="../src/geometry/vertexcollection2d.cpp" />
		<Unit filename="../src/geometry/vertexvisitor.cpp" />
		<Unit filename="../src/geometry/volume3dimpl.cpp" />
		<Unit filename="../src/geometry/voxel3dimpl.cpp" />
		<Unit filename="../src/image/image.cpp" />
		<Unit filename="../src/math/mathex.cpp" />
		<Unit filename="../src/math/matrix.cpp" />
		<Unit filename="../src/math/matrix3x3.cpp" />
		<Unit filename="../src/math/matrix4x4.cpp" />
		<Unit filename="../src/math/quaternion.cpp" />
		<Unit filename="../src/misc/globalfuns.cpp" />
		<Unit filename="../src/render/render.cpp" />
		<Unit filename="../src/sdei/builder.cpp" />
		<Unit filename="../src/sdei/builders.cpp" />
		<Unit filename="../src/sdei/connector.cpp" />
		<Unit filename="../src/sdei/proxy.cpp" />
		<Unit filename="../src/srs/spatialreference.cpp" />
		<Unit filename="../src/srs/srsct.cpp" />
		<Unit filename="../src/srs/srsdict.cpp" />
		<Unit filename="../src/srs/srsepsg.cpp" />
		<Unit filename="../src/srs/srserm.cpp" />
		<Unit filename="../src/srs/srsesri.cpp" />
		<Unit filename="../src/srs/srsnode.cpp" />
		<Unit filename="../src/srs/srsozi.cpp" />
		<Unit filename="../src/srs/srspanorama.cpp" />
		<Unit filename="../src/srs/srspci.cpp" />
		<Unit filename="../src/srs/srsproj4.cpp" />
		<Unit filename="../src/srs/srsproj4ct.cpp" />
		<Unit filename="../src/srs/srsusgs.cpp" />
		<Unit filename="../src/srs/srsvalidate.cpp" />
		<Unit filename="../src/srs/srsxml.cpp" />
		<Extensions>
			<code_completion />
			<envvars />
			<debugger />
			<lib_finder disable_auto="1" />
		</Extensions>
	</Project>
</CodeBlocks_project_file>
