
Microsoft Visual Studio Solution File, Format Version 12.00
# Visual Studio 2013
VisualStudioVersion = 12.0.40629.0
MinimumVisualStudioVersion = 10.0.40219.1
Project("{8BC9CEB8-8B4A-11D0-8D11-00A0C91BC942}") = "WRITEGEOM", "WRITEGEOM.vcxproj", "{DAB95EBB-3801-451B-A6A7-113168B913BC}"
EndProject
Project("{8BC9CEB8-8B4A-11D0-8D11-00A0C91BC942}") = "READGEOM", "READGEOM.vcxproj", "{B7DEC81A-8183-4EB2-9D8F-4C64AFBAC409}"
EndProject
Global
	GlobalSection(SolutionConfigurationPlatforms) = preSolution
		Debug|Mixed Platforms = Debug|Mixed Platforms
		Debug|Win32 = Debug|Win32
		Debug|x64 = Debug|x64
		Release|Mixed Platforms = Release|Mixed Platforms
		Release|Win32 = Release|Win32
		Release|x64 = Release|x64
	EndGlobalSection
	GlobalSection(ProjectConfigurationPlatforms) = postSolution
		{DAB95EBB-3801-451B-A6A7-113168B913BC}.Debug|Mixed Platforms.ActiveCfg = Debug|Win32
		{DAB95EBB-3801-451B-A6A7-113168B913BC}.Debug|Mixed Platforms.Build.0 = Debug|Win32
		{DAB95EBB-3801-451B-A6A7-113168B913BC}.Debug|Win32.ActiveCfg = Debug|Win32
		{DAB95EBB-3801-451B-A6A7-113168B913BC}.Debug|Win32.Build.0 = Debug|Win32
		{DAB95EBB-3801-451B-A6A7-113168B913BC}.Debug|x64.ActiveCfg = Debug|x64
		{DAB95EBB-3801-451B-A6A7-113168B913BC}.Debug|x64.Build.0 = Debug|x64
		{DAB95EBB-3801-451B-A6A7-113168B913BC}.Release|Mixed Platforms.ActiveCfg = Release|Win32
		{DAB95EBB-3801-451B-A6A7-113168B913BC}.Release|Mixed Platforms.Build.0 = Release|Win32
		{DAB95EBB-3801-451B-A6A7-113168B913BC}.Release|Win32.ActiveCfg = Release|Win32
		{DAB95EBB-3801-451B-A6A7-113168B913BC}.Release|Win32.Build.0 = Release|Win32
		{DAB95EBB-3801-451B-A6A7-113168B913BC}.Release|x64.ActiveCfg = Release|Win32
		{B7DEC81A-8183-4EB2-9D8F-4C64AFBAC409}.Debug|Mixed Platforms.ActiveCfg = Debug|Win32
		{B7DEC81A-8183-4EB2-9D8F-4C64AFBAC409}.Debug|Mixed Platforms.Build.0 = Debug|Win32
		{B7DEC81A-8183-4EB2-9D8F-4C64AFBAC409}.Debug|Win32.ActiveCfg = Debug|Win32
		{B7DEC81A-8183-4EB2-9D8F-4C64AFBAC409}.Debug|Win32.Build.0 = Debug|Win32
		{B7DEC81A-8183-4EB2-9D8F-4C64AFBAC409}.Debug|x64.ActiveCfg = Debug|x64
		{B7DEC81A-8183-4EB2-9D8F-4C64AFBAC409}.Debug|x64.Build.0 = Debug|x64
		{B7DEC81A-8183-4EB2-9D8F-4C64AFBAC409}.Release|Mixed Platforms.ActiveCfg = Release|Win32
		{B7DEC81A-8183-4EB2-9D8F-4C64AFBAC409}.Release|Mixed Platforms.Build.0 = Release|Win32
		{B7DEC81A-8183-4EB2-9D8F-4C64AFBAC409}.Release|Win32.ActiveCfg = Release|Win32
		{B7DEC81A-8183-4EB2-9D8F-4C64AFBAC409}.Release|Win32.Build.0 = Release|Win32
		{B7DEC81A-8183-4EB2-9D8F-4C64AFBAC409}.Release|x64.ActiveCfg = Release|x64
		{B7DEC81A-8183-4EB2-9D8F-4C64AFBAC409}.Release|x64.Build.0 = Release|x64
	EndGlobalSection
	GlobalSection(SolutionProperties) = preSolution
		HideSolutionNode = FALSE
	EndGlobalSection
EndGlobal
