
Microsoft Visual Studio Solution File, Format Version 12.00
# Visual Studio 2012
Project("{8BC9CEB8-8B4A-11D0-8D11-00A0C91BC942}") = "gtl_test_number", "gtl_test_number.vcxproj", "{F198239B-D11D-45F9-BDE9-B7158385FE27}"
EndProject
Global
	GlobalSection(SolutionConfigurationPlatforms) = preSolution
		Debug|Win32 = Debug|Win32
		Release|Win32 = Release|Win32
	EndGlobalSection
	GlobalSection(ProjectConfigurationPlatforms) = postSolution
		{F198239B-D11D-45F9-BDE9-B7158385FE27}.Debug|Win32.ActiveCfg = Debug|Win32
		{F198239B-D11D-45F9-BDE9-B7158385FE27}.Debug|Win32.Build.0 = Debug|Win32
		{F198239B-D11D-45F9-BDE9-B7158385FE27}.Release|Win32.ActiveCfg = Release|Win32
		{F198239B-D11D-45F9-BDE9-B7158385FE27}.Release|Win32.Build.0 = Release|Win32
	EndGlobalSection
	GlobalSection(SolutionProperties) = preSolution
		HideSolutionNode = FALSE
	EndGlobalSection
EndGlobal
